// !$*UTF8*$!
{
	archiveVersion = 1;
	classes = {
	};
	objectVersion = 56;
	objects = {

/* Begin PBXBuildFile section */
		AA000001 /* BLEDebugApp.swift in Sources */ = {isa = PBXBuildFile; fileRef = AA100001 /* BLEDebugApp.swift */; };
		AA000002 /* ContentView.swift in Sources */ = {isa = PBXBuildFile; fileRef = AA100002 /* ContentView.swift */; };
		AA000003 /* Models.swift in Sources */ = {isa = PBXBuildFile; fileRef = AA100003 /* Models.swift */; };
		AA000004 /* BLEManager.swift in Sources */ = {isa = PBXBuildFile; fileRef = AA100004 /* BLEManager.swift */; };
		AA000005 /* QuickActionsStore.swift in Sources */ = {isa = PBXBuildFile; fileRef = AA100005 /* QuickActionsStore.swift */; };
		AA000006 /* DataHelpers.swift in Sources */ = {isa = PBXBuildFile; fileRef = AA100006 /* DataHelpers.swift */; };
		AA000007 /* ScanView.swift in Sources */ = {isa = PBXBuildFile; fileRef = AA100007 /* ScanView.swift */; };
		AA000008 /* DeviceView.swift in Sources */ = {isa = PBXBuildFile; fileRef = AA100008 /* DeviceView.swift */; };
		AA000009 /* CharacteristicView.swift in Sources */ = {isa = PBXBuildFile; fileRef = AA100009 /* CharacteristicView.swift */; };
		AA000010 /* QuickActionsView.swift in Sources */ = {isa = PBXBuildFile; fileRef = AA100010 /* QuickActionsView.swift */; };
		AA000011 /* LogView.swift in Sources */ = {isa = PBXBuildFile; fileRef = AA100011 /* LogView.swift */; };
		AA000012 /* Assets.xcassets in Resources */ = {isa = PBXBuildFile; fileRef = AA100012 /* Assets.xcassets */; };
		AA000013 /* Info.plist in Resources */ = {isa = PBXBuildFile; fileRef = AA100013 /* Info.plist */; };
		AA000020 /* BLEQuickActionEntity.swift in Sources */ = {isa = PBXBuildFile; fileRef = AA100020 /* BLEQuickActionEntity.swift */; };
		AA000021 /* RunBLEQuickActionIntent.swift in Sources */ = {isa = PBXBuildFile; fileRef = AA100021 /* RunBLEQuickActionIntent.swift */; };
		AA000022 /* BLEAppShortcuts.swift in Sources */ = {isa = PBXBuildFile; fileRef = AA100022 /* BLEAppShortcuts.swift */; };
/* End PBXBuildFile section */

/* Begin PBXFileReference section */
		AA100001 /* BLEDebugApp.swift */ = {isa = PBXFileReference; lastKnownFileType = sourcecode.swift; path = BLEDebugApp.swift; sourceTree = "<group>"; };
		AA100002 /* ContentView.swift */ = {isa = PBXFileReference; lastKnownFileType = sourcecode.swift; path = ContentView.swift; sourceTree = "<group>"; };
		AA100003 /* Models.swift */ = {isa = PBXFileReference; lastKnownFileType = sourcecode.swift; path = Models.swift; sourceTree = "<group>"; };
		AA100004 /* BLEManager.swift */ = {isa = PBXFileReference; lastKnownFileType = sourcecode.swift; path = BLEManager.swift; sourceTree = "<group>"; };
		AA100005 /* QuickActionsStore.swift */ = {isa = PBXFileReference; lastKnownFileType = sourcecode.swift; path = QuickActionsStore.swift; sourceTree = "<group>"; };
		AA100006 /* DataHelpers.swift */ = {isa = PBXFileReference; lastKnownFileType = sourcecode.swift; path = DataHelpers.swift; sourceTree = "<group>"; };
		AA100007 /* ScanView.swift */ = {isa = PBXFileReference; lastKnownFileType = sourcecode.swift; path = ScanView.swift; sourceTree = "<group>"; };
		AA100008 /* DeviceView.swift */ = {isa = PBXFileReference; lastKnownFileType = sourcecode.swift; path = DeviceView.swift; sourceTree = "<group>"; };
		AA100009 /* CharacteristicView.swift */ = {isa = PBXFileReference; lastKnownFileType = sourcecode.swift; path = CharacteristicView.swift; sourceTree = "<group>"; };
		AA100010 /* QuickActionsView.swift */ = {isa = PBXFileReference; lastKnownFileType = sourcecode.swift; path = QuickActionsView.swift; sourceTree = "<group>"; };
		AA100011 /* LogView.swift */ = {isa = PBXFileReference; lastKnownFileType = sourcecode.swift; path = LogView.swift; sourceTree = "<group>"; };
		AA100012 /* Assets.xcassets */ = {isa = PBXFileReference; lastKnownFileType = folder.assetcatalog; path = Assets.xcassets; sourceTree = "<group>"; };
		AA100013 /* Info.plist */ = {isa = PBXFileReference; lastKnownFileType = text.plist.xml; path = Info.plist; sourceTree = "<group>"; };
		AA100020 /* BLEQuickActionEntity.swift */ = {isa = PBXFileReference; lastKnownFileType = sourcecode.swift; path = BLEQuickActionEntity.swift; sourceTree = "<group>"; };
		AA100021 /* RunBLEQuickActionIntent.swift */ = {isa = PBXFileReference; lastKnownFileType = sourcecode.swift; path = RunBLEQuickActionIntent.swift; sourceTree = "<group>"; };
		AA100022 /* BLEAppShortcuts.swift */ = {isa = PBXFileReference; lastKnownFileType = sourcecode.swift; path = BLEAppShortcuts.swift; sourceTree = "<group>"; };
		AAPRODUCT /* BLEDebug.app */ = {isa = PBXFileReference; explicitFileType = wrapper.application; includeInIndex = 0; path = BLEDebug.app; sourceTree = BUILT_PRODUCTS_DIR; };
/* End PBXFileReference section */

/* Begin PBXFrameworksBuildPhase section */
		AA200001 /* Frameworks */ = {
			isa = PBXFrameworksBuildPhase;
			buildActionMask = 2147483647;
			files = (
			);
			runOnlyForDeploymentPostprocessing = 0;
		};
/* End PBXFrameworksBuildPhase section */

/* Begin PBXGroup section */
		AAROOT /* / */ = {
			isa = PBXGroup;
			children = (
				AA300001 /* BLEDebug */,
				AAPRODUCTS /* Products */,
			);
			sourceTree = "<group>";
		};
		AAPRODUCTS /* Products */ = {
			isa = PBXGroup;
			children = (
				AAPRODUCT /* BLEDebug.app */,
			);
			name = Products;
			sourceTree = "<group>";
		};
		AA300001 /* BLEDebug */ = {
			isa = PBXGroup;
			children = (
				AA310001 /* App */,
				AA310002 /* Models */,
				AA310003 /* ViewModels */,
				AA310004 /* Views */,
				AA310005 /* Utilities */,
				AA310006 /* Intents */,
				AA100012 /* Assets.xcassets */,
			);
			path = BLEDebug;
			sourceTree = "<group>";
		};
		AA310006 /* Intents */ = {
			isa = PBXGroup;
			children = (
				AA100020 /* BLEQuickActionEntity.swift */,
				AA100021 /* RunBLEQuickActionIntent.swift */,
				AA100022 /* BLEAppShortcuts.swift */,
			);
			path = Intents;
			sourceTree = "<group>";
		};
		AA310001 /* App */ = {
			isa = PBXGroup;
			children = (
				AA100001 /* BLEDebugApp.swift */,
				AA100002 /* ContentView.swift */,
				AA100013 /* Info.plist */,
			);
			path = App;
			sourceTree = "<group>";
		};
		AA310002 /* Models */ = {
			isa = PBXGroup;
			children = (
				AA100003 /* Models.swift */,
			);
			path = Models;
			sourceTree = "<group>";
		};
		AA310003 /* ViewModels */ = {
			isa = PBXGroup;
			children = (
				AA100004 /* BLEManager.swift */,
				AA100005 /* QuickActionsStore.swift */,
			);
			path = ViewModels;
			sourceTree = "<group>";
		};
		AA310004 /* Views */ = {
			isa = PBXGroup;
			children = (
				AA100007 /* ScanView.swift */,
				AA100008 /* DeviceView.swift */,
				AA100009 /* CharacteristicView.swift */,
				AA100010 /* QuickActionsView.swift */,
				AA100011 /* LogView.swift */,
			);
			path = Views;
			sourceTree = "<group>";
		};
		AA310005 /* Utilities */ = {
			isa = PBXGroup;
			children = (
				AA100006 /* DataHelpers.swift */,
			);
			path = Utilities;
			sourceTree = "<group>";
		};
/* End PBXGroup section */

/* Begin PBXNativeTarget section */
		AATARGET /* BLEDebug */ = {
			isa = PBXNativeTarget;
			buildConfigurationList = AABCL /* Build configuration list for PBXNativeTarget "BLEDebug" */;
			buildPhases = (
				AA200002 /* Sources */,
				AA200001 /* Frameworks */,
				AA200003 /* Resources */,
			);
			buildRules = (
			);
			dependencies = (
			);
			name = BLEDebug;
			productName = BLEDebug;
			productReference = AAPRODUCT /* BLEDebug.app */;
			productType = "com.apple.product-type.application";
		};
/* End PBXNativeTarget section */

/* Begin PBXProject section */
		AAPROJECT /* Project object */ = {
			isa = PBXProject;
			attributes = {
				BuildIndependentTargetsInParallel = 1;
				LastSwiftUpdateCheck = 1530;
				LastUpgradeCheck = 1530;
				TargetAttributes = {
					AATARGET = {
						CreatedOnToolsVersion = 15.3;
					};
				};
			};
			buildConfigurationList = AABCLP /* Build configuration list for PBXProject "BLEDebug" */;
			compatibilityVersion = "Xcode 14.0";
			developmentRegion = zh_CN;
			hasScannedForEncodings = 0;
			knownRegions = (
				zh_CN,
				Base,
			);
			mainGroup = AAROOT;
			productRefGroup = AAPRODUCTS /* Products */;
			projectDirPath = "";
			projectRoot = "";
			targets = (
				AATARGET /* BLEDebug */,
			);
		};
/* End PBXProject section */

/* Begin PBXResourcesBuildPhase section */
		AA200003 /* Resources */ = {
			isa = PBXResourcesBuildPhase;
			buildActionMask = 2147483647;
			files = (
				AA000012 /* Assets.xcassets in Resources */,
			);
			runOnlyForDeploymentPostprocessing = 0;
		};
/* End PBXResourcesBuildPhase section */

/* Begin PBXSourcesBuildPhase section */
		AA200002 /* Sources */ = {
			isa = PBXSourcesBuildPhase;
			buildActionMask = 2147483647;
			files = (
				AA000001 /* BLEDebugApp.swift in Sources */,
				AA000002 /* ContentView.swift in Sources */,
				AA000003 /* Models.swift in Sources */,
				AA000004 /* BLEManager.swift in Sources */,
				AA000005 /* QuickActionsStore.swift in Sources */,
				AA000006 /* DataHelpers.swift in Sources */,
				AA000007 /* ScanView.swift in Sources */,
				AA000008 /* DeviceView.swift in Sources */,
				AA000009 /* CharacteristicView.swift in Sources */,
				AA000010 /* QuickActionsView.swift in Sources */,
				AA000011 /* LogView.swift in Sources */,
				AA000020 /* BLEQuickActionEntity.swift in Sources */,
				AA000021 /* RunBLEQuickActionIntent.swift in Sources */,
				AA000022 /* BLEAppShortcuts.swift in Sources */,
			);
			runOnlyForDeploymentPostprocessing = 0;
		};
/* End PBXSourcesBuildPhase section */

/* Begin XCBuildConfiguration section */
		AABC001 /* Debug */ = {
			isa = XCBuildConfiguration;
			buildSettings = {
				ALWAYS_SEARCH_USER_PATHS = NO;
				ASSETCATALOG_COMPILER_GENERATE_SWIFT_ASSET_SYMBOL_EXTENSIONS = YES;
				CLANG_ANALYZER_NONNULL = YES;
				CLANG_ANALYZER_NUMBER_OBJECT_CONVERSION = YES_AGGRESSIVE;
				CLANG_CXX_LANGUAGE_STANDARD = "gnu++20";
				CLANG_ENABLE_MODULES = YES;
				CLANG_ENABLE_OBJC_ARC = YES;
				CLANG_ENABLE_OBJC_WEAK = YES;
				CLANG_WARN_BLOCK_CAPTURE_AUTORELEASING = YES;
				CLANG_WARN_BOOL_CONVERSION = YES;
				CLANG_WARN_COMMA = YES;
				CLANG_WARN_CONSTANT_CONVERSION = YES;
				CLANG_WARN_DEPRECATED_OBJC_IMPLEMENTATIONS = YES;
				CLANG_WARN_DIRECT_OBJC_ISA_USAGE = YES_ERROR;
				CLANG_WARN_DOCUMENTATION_COMMENTS = YES;
				CLANG_WARN_EMPTY_BODY = YES;
				CLANG_WARN_ENUM_CONVERSION = YES;
				CLANG_WARN_INFINITE_RECURSION = YES;
				CLANG_WARN_INT_CONVERSION = YES;
				CLANG_WARN_NON_LITERAL_NULL_CONVERSION = YES;
				CLANG_WARN_OBJC_IMPLICIT_RETAIN_CYCLE = YES;
				CLANG_WARN_OBJC_LITERAL_CONVERSION = YES;
				CLANG_WARN_OBJC_ROOT_CLASS = YES_ERROR;
				CLANG_WARN_QUOTED_INCLUDE_IN_FRAMEWORK_HEADER = YES;
				CLANG_WARN_RANGE_LOOP_ANALYSIS = YES;
				CLANG_WARN_STRICT_PROTOTYPES = YES;
				CLANG_WARN_SUSPICIOUS_MOVE = YES;
				CLANG_WARN_UNGUARDED_AVAILABILITY = YES_AGGRESSIVE;
				CLANG_WARN_UNREACHABLE_CODE = YES;
				CLANG_WARN__DUPLICATE_METHOD_MATCH = YES;
				COPY_PHASE_STRIP = NO;
				DEBUG_INFORMATION_FORMAT = dwarf;
				ENABLE_STRICT_OBJC_MSGSEND = YES;
				ENABLE_TESTABILITY = YES;
				ENABLE_USER_SCRIPT_SANDBOXING = YES;
				GCC_C_LANGUAGE_STANDARD = gnu17;
				GCC_DYNAMIC_NO_PIC = NO;
				GCC_NO_COMMON_BLOCKS = YES;
				GCC_OPTIMIZATION_LEVEL = 0;
				GCC_PREPROCESSOR_DEFINITIONS = (
					"DEBUG=1",
					"$(inherited)",
				);
				GCC_WARN_64_TO_32_BIT_CONVERSION = YES;
				GCC_WARN_ABOUT_RETURN_TYPE = YES_ERROR;
				GCC_WARN_UNDECLARED_SELECTOR = YES;
				GCC_WARN_UNINITIALIZED_AUTOS = YES_AGGRESSIVE;
				GCC_WARN_UNUSED_FUNCTION = YES;
				GCC_WARN_UNUSED_VARIABLE = YES;
				IPHONEOS_DEPLOYMENT_TARGET = 17.0;
				MTL_ENABLE_DEBUG_INFO = INCLUDE_SOURCE;
				MTL_FAST_MATH = YES;
				ONLY_ACTIVE_ARCH = YES;
				SDKROOT = iphoneos;
				SWIFT_ACTIVE_COMPILATION_CONDITIONS = "DEBUG $(inherited)";
				SWIFT_OPTIMIZATION_LEVEL = "-Onone";
			};
			name = Debug;
		};
		AABC002 /* Release */ = {
			isa = XCBuildConfiguration;
			buildSettings = {
				ALWAYS_SEARCH_USER_PATHS = NO;
				ASSETCATALOG_COMPILER_GENERATE_SWIFT_ASSET_SYMBOL_EXTENSIONS = YES;
				CLANG_ANALYZER_NONNULL = YES;
				CLANG_ANALYZER_NUMBER_OBJECT_CONVERSION = YES_AGGRESSIVE;
				CLANG_CXX_LANGUAGE_STANDARD = "gnu++20";
				CLANG_ENABLE_MODULES = YES;
				CLANG_ENABLE_OBJC_ARC = YES;
				CLANG_ENABLE_OBJC_WEAK = YES;
				CLANG_WARN_BLOCK_CAPTURE_AUTORELEASING = YES;
				CLANG_WARN_BOOL_CONVERSION = YES;
				CLANG_WARN_COMMA = YES;
				CLANG_WARN_CONSTANT_CONVERSION = YES;
				CLANG_WARN_DEPRECATED_OBJC_IMPLEMENTATIONS = YES;
				CLANG_WARN_DIRECT_OBJC_ISA_USAGE = YES_ERROR;
				CLANG_WARN_DOCUMENTATION_COMMENTS = YES;
				CLANG_WARN_EMPTY_BODY = YES;
				CLANG_WARN_ENUM_CONVERSION = YES;
				CLANG_WARN_INFINITE_RECURSION = YES;
				CLANG_WARN_INT_CONVERSION = YES;
				CLANG_WARN_NON_LITERAL_NULL_CONVERSION = YES;
				CLANG_WARN_OBJC_IMPLICIT_RETAIN_CYCLE = YES;
				CLANG_WARN_OBJC_LITERAL_CONVERSION = YES;
				CLANG_WARN_OBJC_ROOT_CLASS = YES_ERROR;
				CLANG_WARN_QUOTED_INCLUDE_IN_FRAMEWORK_HEADER = YES;
				CLANG_WARN_RANGE_LOOP_ANALYSIS = YES;
				CLANG_WARN_STRICT_PROTOTYPES = YES;
				CLANG_WARN_SUSPICIOUS_MOVE = YES;
				CLANG_WARN_UNGUARDED_AVAILABILITY = YES_AGGRESSIVE;
				CLANG_WARN_UNREACHABLE_CODE = YES;
				CLANG_WARN__DUPLICATE_METHOD_MATCH = YES;
				COPY_PHASE_STRIP = NO;
				DEBUG_INFORMATION_FORMAT = "dwarf-with-dsym";
				ENABLE_NS_ASSERTIONS = NO;
				ENABLE_STRICT_OBJC_MSGSEND = YES;
				ENABLE_USER_SCRIPT_SANDBOXING = YES;
				GCC_C_LANGUAGE_STANDARD = gnu17;
				GCC_NO_COMMON_BLOCKS = YES;
				GCC_WARN_64_TO_32_BIT_CONVERSION = YES;
				GCC_WARN_ABOUT_RETURN_TYPE = YES_ERROR;
				GCC_WARN_UNDECLARED_SELECTOR = YES;
				GCC_WARN_UNINITIALIZED_AUTOS = YES_AGGRESSIVE;
				GCC_WARN_UNUSED_FUNCTION = YES;
				GCC_WARN_UNUSED_VARIABLE = YES;
				IPHONEOS_DEPLOYMENT_TARGET = 17.0;
				MTL_FAST_MATH = YES;
				SDKROOT = iphoneos;
				SWIFT_COMPILATION_MODE = wholemodule;
				VALIDATE_PRODUCT = YES;
			};
			name = Release;
		};
		AABC003 /* Debug */ = {
			isa = XCBuildConfiguration;
			buildSettings = {
				ASSETCATALOG_COMPILER_APPICON_NAME = AppIcon;
				ASSETCATALOG_COMPILER_GLOBAL_ACCENT_COLOR_NAME = AccentColor;
				CODE_SIGN_STYLE = Automatic;
				CURRENT_PROJECT_VERSION = 1;
				DEVELOPMENT_TEAM = T2536XTUCK;
				GENERATE_INFOPLIST_FILE = NO;
				INFOPLIST_FILE = BLEDebug/App/Info.plist;
				IPHONEOS_DEPLOYMENT_TARGET = 17.0;
				LD_RUNPATH_SEARCH_PATHS = (
					"$(inherited)",
					"@executable_path/Frameworks",
				);
				MARKETING_VERSION = 1.0;
				PRODUCT_BUNDLE_IDENTIFIER = com.smilefacehhh.tempsign;
				PRODUCT_NAME = "$(TARGET_NAME)";

				SUPPORTED_PLATFORMS = "iphoneos iphonesimulator";
				SUPPORTS_MACCATALYST = NO;
				SWIFT_EMIT_LOC_STRINGS = YES;
				SWIFT_VERSION = 5.0;
				TARGETED_DEVICE_FAMILY = "1,2";
			};
			name = Debug;
		};
		AABC004 /* Release */ = {
			isa = XCBuildConfiguration;
			buildSettings = {
				ASSETCATALOG_COMPILER_APPICON_NAME = AppIcon;
				ASSETCATALOG_COMPILER_GLOBAL_ACCENT_COLOR_NAME = AccentColor;
				CODE_SIGN_STYLE = Automatic;
				CURRENT_PROJECT_VERSION = 1;
				DEVELOPMENT_TEAM = T2536XTUCK;
				GENERATE_INFOPLIST_FILE = NO;
				INFOPLIST_FILE = BLEDebug/App/Info.plist;
				IPHONEOS_DEPLOYMENT_TARGET = 17.0;
				LD_RUNPATH_SEARCH_PATHS = (
					"$(inherited)",
					"@executable_path/Frameworks",
				);
				MARKETING_VERSION = 1.0;
				PRODUCT_BUNDLE_IDENTIFIER = com.smilefacehhh.tempsign;
				PRODUCT_NAME = "$(TARGET_NAME)";

				SUPPORTED_PLATFORMS = "iphoneos iphonesimulator";
				SUPPORTS_MACCATALYST = NO;
				SWIFT_EMIT_LOC_STRINGS = YES;
				SWIFT_VERSION = 5.0;
				TARGETED_DEVICE_FAMILY = "1,2";
			};
			name = Release;
		};
/* End XCBuildConfiguration section */

/* Begin XCConfigurationList section */
		AABCLP /* Build configuration list for PBXProject "BLEDebug" */ = {
			isa = XCConfigurationList;
			buildConfigurations = (
				AABC001 /* Debug */,
				AABC002 /* Release */,
			);
			defaultConfigurationIsVisible = 0;
			defaultConfigurationName = Release;
		};
		AABCL /* Build configuration list for PBXNativeTarget "BLEDebug" */ = {
			isa = XCConfigurationList;
			buildConfigurations = (
				AABC003 /* Debug */,
				AABC004 /* Release */,
			);
			defaultConfigurationIsVisible = 0;
			defaultConfigurationName = Release;
		};
/* End XCConfigurationList section */

	};
	rootObject = AAPROJECT /* Project object */;
}
